
Microsoft Visual Studio Solution File, Format Version 12.00
# Visual Studio Version 17
VisualStudioVersion = 17.2.32630.192
MinimumVisualStudioVersion = 10.0.40219.1
Project("{9A19103F-16F7-4668-BE54-9A1E7A4F7556}") = "ElevenNoteBlazor.Server", "ElevenNoteBlazor\Server\ElevenNoteBlazor.Server.csproj", "{9CFD4BFD-AD22-4E0B-B196-6ED31BE81761}"
EndProject
Project("{9A19103F-16F7-4668-BE54-9A1E7A4F7556}") = "ElevenNoteBlazor.Client", "ElevenNoteBlazor\Client\ElevenNoteBlazor.Client.csproj", "{14C1802A-AA85-4F58-89BD-CBFB526ED0CE}"
EndProject
Project("{9A19103F-16F7-4668-BE54-9A1E7A4F7556}") = "ElevenNoteBlazor.Shared", "ElevenNoteBlazor\Shared\ElevenNoteBlazor.Shared.csproj", "{D7EFEA78-A5FE-490A-9E79-45AD3CA5D8EE}"
EndProject
Global
	GlobalSection(SolutionConfigurationPlatforms) = preSolution
		Debug|Any CPU = Debug|Any CPU
		Release|Any CPU = Release|Any CPU
	EndGlobalSection
	GlobalSection(ProjectConfigurationPlatforms) = postSolution
		{9CFD4BFD-AD22-4E0B-B196-6ED31BE81761}.Debug|Any CPU.ActiveCfg = Debug|Any CPU
		{9CFD4BFD-AD22-4E0B-B196-6ED31BE81761}.Debug|Any CPU.Build.0 = Debug|Any CPU
		{9CFD4BFD-AD22-4E0B-B196-6ED31BE81761}.Release|Any CPU.ActiveCfg = Release|Any CPU
		{9CFD4BFD-AD22-4E0B-B196-6ED31BE81761}.Release|Any CPU.Build.0 = Release|Any CPU
		{14C1802A-AA85-4F58-89BD-CBFB526ED0CE}.Debug|Any CPU.ActiveCfg = Debug|Any CPU
		{14C1802A-AA85-4F58-89BD-CBFB526ED0CE}.Debug|Any CPU.Build.0 = Debug|Any CPU
		{14C1802A-AA85-4F58-89BD-CBFB526ED0CE}.Release|Any CPU.ActiveCfg = Release|Any CPU
		{14C1802A-AA85-4F58-89BD-CBFB526ED0CE}.Release|Any CPU.Build.0 = Release|Any CPU
		{D7EFEA78-A5FE-490A-9E79-45AD3CA5D8EE}.Debug|Any CPU.ActiveCfg = Debug|Any CPU
		{D7EFEA78-A5FE-490A-9E79-45AD3CA5D8EE}.Debug|Any CPU.Build.0 = Debug|Any CPU
		{D7EFEA78-A5FE-490A-9E79-45AD3CA5D8EE}.Release|Any CPU.ActiveCfg = Release|Any CPU
		{D7EFEA78-A5FE-490A-9E79-45AD3CA5D8EE}.Release|Any CPU.Build.0 = Release|Any CPU
	EndGlobalSection
	GlobalSection(SolutionProperties) = preSolution
		HideSolutionNode = FALSE
	EndGlobalSection
	GlobalSection(ExtensibilityGlobals) = postSolution
		SolutionGuid = {097132CD-76D6-4538-84A6-11603EA7618D}
	EndGlobalSection
EndGlobal
